<?xml version="1.0" encoding="utf-8"?>
<Project ToolsVersion="4.0" xmlns="http://schemas.microsoft.com/developer/msbuild/2003">
  <ItemGroup>
    <Filter Include="Source Files">
      <UniqueIdentifier>{4FC737F1-C7A5-4376-A066-2A32D752A2FF}</UniqueIdentifier>
      <Extensions>cpp;c;cc;cxx;c++;cppm;ixx;def;odl;idl;hpj;bat;asm;asmx</Extensions>
    </Filter>
    <Filter Include="Header Files">
      <UniqueIdentifier>{93995380-89BD-4b04-88EB-625FBE52EBFB}</UniqueIdentifier>
      <Extensions>h;hh;hpp;hxx;h++;hm;inl;inc;ipp;xsd</Extensions>
    </Filter>
    <Filter Include="Resource Files">
      <UniqueIdentifier>{67DA6AB6-F800-4c08-8B7A-83BB121AAD01}</UniqueIdentifier>
      <Extensions>rc;ico;cur;bmp;dlg;rc2;rct;bin;rgs;gif;jpg;jpeg;jpe;resx;tiff;tif;png;wav;mfcribbon-ms</Extensions>
    </Filter>
    <Filter Include="Source Files\ErrorHandling">
      <UniqueIdentifier>{0c898861-c5af-476c-923a-97dca39a5dcf}</UniqueIdentifier>
    </Filter>
    <Filter Include="Header Files\DLParts">
      <UniqueIdentifier>{de2b0fc8-42fa-4491-bae2-92eccad414fd}</UniqueIdentifier>
    </Filter>
    <Filter Include="Source Files\Plasma">
      <UniqueIdentifier>{7afef5a1-dcb6-4775-b714-b5f50364f66c}</UniqueIdentifier>
    </Filter>
    <Filter Include="Source Files\ColorStructs">
      <UniqueIdentifier>{3c257c38-efd0-4bd5-9172-a73ff864cf9f}</UniqueIdentifier>
    </Filter>
  </ItemGroup>
  <ItemGroup>
    <ClInclude Include="framework.h">
      <Filter>Header Files</Filter>
    </ClInclude>
    <ClInclude Include="targetver.h">
      <Filter>Header Files</Filter>
    </ClInclude>
    <ClInclude Include="Resource.h">
      <Filter>Header Files</Filter>
    </ClInclude>
    <ClInclude Include="WindowPixel.h">
      <Filter>Header Files</Filter>
    </ClInclude>
    <ClInclude Include="QueryTimer.h">
      <Filter>Header Files</Filter>
    </ClInclude>
    <ClInclude Include="CustomRunner.h">
      <Filter>Header Files</Filter>
    </ClInclude>
    <ClInclude Include="GraphicsDemonstration.h">
      <Filter>Header Files</Filter>
    </ClInclude>
    <ClInclude Include="Scratch.h">
      <Filter>Header Files</Filter>
    </ClInclude>
    <ClInclude Include="share.h">
      <Filter>Header Files</Filter>
    </ClInclude>
    <ClInclude Include="ImageHeader.h">
      <Filter>Header Files</Filter>
    </ClInclude>
    <ClInclude Include="ImageSource.h">
      <Filter>Header Files</Filter>
    </ClInclude>
    <ClInclude Include="ErrorExit.h">
      <Filter>Source Files\ErrorHandling</Filter>
    </ClInclude>
    <ClInclude Include="PartsOfSDL.h">
      <Filter>Header Files\DLParts</Filter>
    </ClInclude>
    <ClInclude Include="Plasma.h">
      <Filter>Source Files\Plasma</Filter>
    </ClInclude>
    <ClInclude Include="colorstruct.h">
      <Filter>Source Files\ColorStructs</Filter>
    </ClInclude>
    <ClInclude Include="SaveBitmap.h">
      <Filter>Header Files</Filter>
    </ClInclude>
  </ItemGroup>
  <ItemGroup>
    <ClCompile Include="WindowPixel.cpp">
      <Filter>Source Files</Filter>
    </ClCompile>
    <ClCompile Include="QueryTimer.cpp">
      <Filter>Source Files</Filter>
    </ClCompile>
    <ClCompile Include="CustomRunner.cpp">
      <Filter>Source Files</Filter>
    </ClCompile>
    <ClCompile Include="GraphicsDemonstration.cpp">
      <Filter>Source Files</Filter>
    </ClCompile>
    <ClCompile Include="Scratch.cpp">
      <Filter>Source Files</Filter>
    </ClCompile>
    <ClCompile Include="ImageSource.cpp">
      <Filter>Source Files</Filter>
    </ClCompile>
    <ClCompile Include="ErrorExit.cpp">
      <Filter>Source Files\ErrorHandling</Filter>
    </ClCompile>
    <ClCompile Include="Plasma.cpp">
      <Filter>Source Files\Plasma</Filter>
    </ClCompile>
    <ClCompile Include="ColorStructs.cpp">
      <Filter>Source Files\ColorStructs</Filter>
    </ClCompile>
    <ClCompile Include="colorstruct.cpp">
      <Filter>Source Files</Filter>
    </ClCompile>
    <ClCompile Include="SaveBitmap.cpp">
      <Filter>Source Files</Filter>
    </ClCompile>
  </ItemGroup>
  <ItemGroup>
    <ResourceCompile Include="WindowPixel.rc">
      <Filter>Resource Files</Filter>
    </ResourceCompile>
  </ItemGroup>
  <ItemGroup>
    <Image Include="small.ico">
      <Filter>Resource Files</Filter>
    </Image>
    <Image Include="WindowPixel.ico">
      <Filter>Resource Files</Filter>
    </Image>
  </ItemGroup>
</Project>